
Microsoft Visual Studio Solution File, Format Version 12.00
# Visual Studio 15
Project("{FAE04EC0-301F-11D3-BF4B-00C04F79EFBC}") = "TicketNow", "TicketNow.csproj", "{625F711D-7B39-4CDD-AEA1-8F5F927FB5E7}"
EndProject
Global
	GlobalSection(SolutionConfigurationPlatforms) = preSolution
		Debug|Any CPU = Debug|Any CPU
		Release|Any CPU = Release|Any CPU
	EndGlobalSection
	GlobalSection(ProjectConfigurationPlatforms) = postSolution
		{625F711D-7B39-4CDD-AEA1-8F5F927FB5E7}.Debug|Any CPU.ActiveCfg = Debug|Any CPU
		{625F711D-7B39-4CDD-AEA1-8F5F927FB5E7}.Debug|Any CPU.Build.0 = Debug|Any CPU
		{625F711D-7B39-4CDD-AEA1-8F5F927FB5E7}.Release|Any CPU.ActiveCfg = Release|Any CPU
		{625F711D-7B39-4CDD-AEA1-8F5F927FB5E7}.Release|Any CPU.Build.0 = Release|Any CPU
	EndGlobalSection
EndGlobal
